
Microsoft Visual Studio Solution File, Format Version 12.00
# Visual Studio Version 17
VisualStudioVersion = 17.5.33424.131
MinimumVisualStudioVersion = 10.0.40219.1
Project("{FAE04EC0-301F-11D3-BF4B-00C04F79EFBC}") = "ConsoleApp3", "ConsoleApp3\ConsoleApp3.csproj", "{454F377C-B005-4E3A-913E-DD2E83278E98}"
EndProject
Global
	GlobalSection(SolutionConfigurationPlatforms) = preSolution
		Debug|Any CPU = Debug|Any CPU
		Release|Any CPU = Release|Any CPU
	EndGlobalSection
	GlobalSection(ProjectConfigurationPlatforms) = postSolution
		{454F377C-B005-4E3A-913E-DD2E83278E98}.Debug|Any CPU.ActiveCfg = Debug|Any CPU
		{454F377C-B005-4E3A-913E-DD2E83278E98}.Debug|Any CPU.Build.0 = Debug|Any CPU
		{454F377C-B005-4E3A-913E-DD2E83278E98}.Release|Any CPU.ActiveCfg = Release|Any CPU
		{454F377C-B005-4E3A-913E-DD2E83278E98}.Release|Any CPU.Build.0 = Release|Any CPU
	EndGlobalSection
	GlobalSection(SolutionProperties) = preSolution
		HideSolutionNode = FALSE
	EndGlobalSection
	GlobalSection(ExtensibilityGlobals) = postSolution
		SolutionGuid = {041E3694-2F77-4E2C-893B-51155B6B05E4}
	EndGlobalSection
EndGlobal
