
Microsoft Visual Studio Solution File, Format Version 12.00
# Visual Studio Version 17
VisualStudioVersion = 17.5.33424.131
MinimumVisualStudioVersion = 10.0.40219.1
Project("{FAE04EC0-301F-11D3-BF4B-00C04F79EFBC}") = "Task2", "Task2\Task2.csproj", "{3B7455CB-7A18-4D6F-835A-0BABFEA70785}"
EndProject
Project("{FAE04EC0-301F-11D3-BF4B-00C04F79EFBC}") = "Task3", "Task3\Task3.csproj", "{23F1341C-2164-4E49-AD05-ADA52200FBD2}"
EndProject
Project("{FAE04EC0-301F-11D3-BF4B-00C04F79EFBC}") = "AddTask", "AddTask\AddTask.csproj", "{197CD25B-A4BC-49AD-8A35-D58879483FBD}"
EndProject
Global
	GlobalSection(SolutionConfigurationPlatforms) = preSolution
		Debug|Any CPU = Debug|Any CPU
		Release|Any CPU = Release|Any CPU
	EndGlobalSection
	GlobalSection(ProjectConfigurationPlatforms) = postSolution
		{3B7455CB-7A18-4D6F-835A-0BABFEA70785}.Debug|Any CPU.ActiveCfg = Debug|Any CPU
		{3B7455CB-7A18-4D6F-835A-0BABFEA70785}.Debug|Any CPU.Build.0 = Debug|Any CPU
		{3B7455CB-7A18-4D6F-835A-0BABFEA70785}.Release|Any CPU.ActiveCfg = Release|Any CPU
		{3B7455CB-7A18-4D6F-835A-0BABFEA70785}.Release|Any CPU.Build.0 = Release|Any CPU
		{23F1341C-2164-4E49-AD05-ADA52200FBD2}.Debug|Any CPU.ActiveCfg = Debug|Any CPU
		{23F1341C-2164-4E49-AD05-ADA52200FBD2}.Debug|Any CPU.Build.0 = Debug|Any CPU
		{23F1341C-2164-4E49-AD05-ADA52200FBD2}.Release|Any CPU.ActiveCfg = Release|Any CPU
		{23F1341C-2164-4E49-AD05-ADA52200FBD2}.Release|Any CPU.Build.0 = Release|Any CPU
		{197CD25B-A4BC-49AD-8A35-D58879483FBD}.Debug|Any CPU.ActiveCfg = Debug|Any CPU
		{197CD25B-A4BC-49AD-8A35-D58879483FBD}.Debug|Any CPU.Build.0 = Debug|Any CPU
		{197CD25B-A4BC-49AD-8A35-D58879483FBD}.Release|Any CPU.ActiveCfg = Release|Any CPU
		{197CD25B-A4BC-49AD-8A35-D58879483FBD}.Release|Any CPU.Build.0 = Release|Any CPU
	EndGlobalSection
	GlobalSection(SolutionProperties) = preSolution
		HideSolutionNode = FALSE
	EndGlobalSection
	GlobalSection(ExtensibilityGlobals) = postSolution
		SolutionGuid = {2A53534C-E536-48F6-B321-89F01371EE1F}
	EndGlobalSection
EndGlobal
